// !$*UTF8*$!
{
	archiveVersion = 1;
	classes = {
	};
	objectVersion = 50;
	objects = {

/* Begin PBXBuildFile section */
		85237F2124D5064600B8D480 /* AppDelegate.swift in Sources */ = {isa = PBXBuildFile; fileRef = 85237F2024D5064600B8D480 /* AppDelegate.swift */; };
		85237F2324D5064600B8D480 /* SceneDelegate.swift in Sources */ = {isa = PBXBuildFile; fileRef = 85237F2224D5064600B8D480 /* SceneDelegate.swift */; };
		85237F2524D5064600B8D480 /* ViewController.swift in Sources */ = {isa = PBXBuildFile; fileRef = 85237F2424D5064600B8D480 /* ViewController.swift */; };
		85237F2824D5064600B8D480 /* Main.storyboard in Resources */ = {isa = PBXBuildFile; fileRef = 85237F2624D5064600B8D480 /* Main.storyboard */; };
		85237F2A24D5064A00B8D480 /* Assets.xcassets in Resources */ = {isa = PBXBuildFile; fileRef = 85237F2924D5064A00B8D480 /* Assets.xcassets */; };
		85237F2D24D5064A00B8D480 /* LaunchScreen.storyboard in Resources */ = {isa = PBXBuildFile; fileRef = 85237F2B24D5064A00B8D480 /* LaunchScreen.storyboard */; };
		85237F3824D7583000B8D480 /* MarvelHeroFetching.swift in Sources */ = {isa = PBXBuildFile; fileRef = 85237F3724D7583000B8D480 /* MarvelHeroFetching.swift */; };
		85237F3A24D75DD300B8D480 /* CharacterDetails.swift in Sources */ = {isa = PBXBuildFile; fileRef = 85237F3924D75DD300B8D480 /* CharacterDetails.swift */; };
		85237F3C24D76FD100B8D480 /* CharactersTableViewController.swift in Sources */ = {isa = PBXBuildFile; fileRef = 85237F3B24D76FD100B8D480 /* CharactersTableViewController.swift */; };
		85237F3E24D785EE00B8D480 /* CharacterDetailViewController.swift in Sources */ = {isa = PBXBuildFile; fileRef = 85237F3D24D785EE00B8D480 /* CharacterDetailViewController.swift */; };
		85237F4024D78C9200B8D480 /* ImageSetting.swift in Sources */ = {isa = PBXBuildFile; fileRef = 85237F3F24D78C9200B8D480 /* ImageSetting.swift */; };
/* End PBXBuildFile section */

/* Begin PBXFileReference section */
		85237F1D24D5064600B8D480 /* marvel_directory.app */ = {isa = PBXFileReference; explicitFileType = wrapper.application; includeInIndex = 0; path = marvel_directory.app; sourceTree = BUILT_PRODUCTS_DIR; };
		85237F2024D5064600B8D480 /* AppDelegate.swift */ = {isa = PBXFileReference; lastKnownFileType = sourcecode.swift; path = AppDelegate.swift; sourceTree = "<group>"; };
		85237F2224D5064600B8D480 /* SceneDelegate.swift */ = {isa = PBXFileReference; lastKnownFileType = sourcecode.swift; path = SceneDelegate.swift; sourceTree = "<group>"; };
		85237F2424D5064600B8D480 /* ViewController.swift */ = {isa = PBXFileReference; lastKnownFileType = sourcecode.swift; path = ViewController.swift; sourceTree = "<group>"; };
		85237F2724D5064600B8D480 /* Base */ = {isa = PBXFileReference; lastKnownFileType = file.storyboard; name = Base; path = Base.lproj/Main.storyboard; sourceTree = "<group>"; };
		85237F2924D5064A00B8D480 /* Assets.xcassets */ = {isa = PBXFileReference; lastKnownFileType = folder.assetcatalog; path = Assets.xcassets; sourceTree = "<group>"; };
		85237F2C24D5064A00B8D480 /* Base */ = {isa = PBXFileReference; lastKnownFileType = file.storyboard; name = Base; path = Base.lproj/LaunchScreen.storyboard; sourceTree = "<group>"; };
		85237F2E24D5064A00B8D480 /* Info.plist */ = {isa = PBXFileReference; lastKnownFileType = text.plist.xml; path = Info.plist; sourceTree = "<group>"; };
		85237F3724D7583000B8D480 /* MarvelHeroFetching.swift */ = {isa = PBXFileReference; lastKnownFileType = sourcecode.swift; path = MarvelHeroFetching.swift; sourceTree = "<group>"; };
		85237F3924D75DD300B8D480 /* CharacterDetails.swift */ = {isa = PBXFileReference; lastKnownFileType = sourcecode.swift; path = CharacterDetails.swift; sourceTree = "<group>"; };
		85237F3B24D76FD100B8D480 /* CharactersTableViewController.swift */ = {isa = PBXFileReference; lastKnownFileType = sourcecode.swift; path = CharactersTableViewController.swift; sourceTree = "<group>"; };
		85237F3D24D785EE00B8D480 /* CharacterDetailViewController.swift */ = {isa = PBXFileReference; lastKnownFileType = sourcecode.swift; path = CharacterDetailViewController.swift; sourceTree = "<group>"; };
		85237F3F24D78C9200B8D480 /* ImageSetting.swift */ = {isa = PBXFileReference; lastKnownFileType = sourcecode.swift; path = ImageSetting.swift; sourceTree = "<group>"; };
/* End PBXFileReference section */

/* Begin PBXFrameworksBuildPhase section */
		85237F1A24D5064600B8D480 /* Frameworks */ = {
			isa = PBXFrameworksBuildPhase;
			buildActionMask = 2147483647;
			files = (
			);
			runOnlyForDeploymentPostprocessing = 0;
		};
/* End PBXFrameworksBuildPhase section */

/* Begin PBXGroup section */
		85237F1424D5064600B8D480 = {
			isa = PBXGroup;
			children = (
				85237F1F24D5064600B8D480 /* marvel_directory */,
				85237F1E24D5064600B8D480 /* Products */,
			);
			sourceTree = "<group>";
		};
		85237F1E24D5064600B8D480 /* Products */ = {
			isa = PBXGroup;
			children = (
				85237F1D24D5064600B8D480 /* marvel_directory.app */,
			);
			name = Products;
			sourceTree = "<group>";
		};
		85237F1F24D5064600B8D480 /* marvel_directory */ = {
			isa = PBXGroup;
			children = (
				85237F3624D757F800B8D480 /* Models */,
				85237F3524D757EB00B8D480 /* Views */,
				85237F2024D5064600B8D480 /* AppDelegate.swift */,
				85237F2224D5064600B8D480 /* SceneDelegate.swift */,
				85237F3424D757D500B8D480 /* Networking */,
				85237F2624D5064600B8D480 /* Main.storyboard */,
				85237F2924D5064A00B8D480 /* Assets.xcassets */,
				85237F2B24D5064A00B8D480 /* LaunchScreen.storyboard */,
				85237F2E24D5064A00B8D480 /* Info.plist */,
			);
			path = marvel_directory;
			sourceTree = "<group>";
		};
		85237F3424D757D500B8D480 /* Networking */ = {
			isa = PBXGroup;
			children = (
				85237F3724D7583000B8D480 /* MarvelHeroFetching.swift */,
				85237F3F24D78C9200B8D480 /* ImageSetting.swift */,
			);
			path = Networking;
			sourceTree = "<group>";
		};
		85237F3524D757EB00B8D480 /* Views */ = {
			isa = PBXGroup;
			children = (
				85237F2424D5064600B8D480 /* ViewController.swift */,
				85237F3B24D76FD100B8D480 /* CharactersTableViewController.swift */,
				85237F3D24D785EE00B8D480 /* CharacterDetailViewController.swift */,
			);
			path = Views;
			sourceTree = "<group>";
		};
		85237F3624D757F800B8D480 /* Models */ = {
			isa = PBXGroup;
			children = (
				85237F3924D75DD300B8D480 /* CharacterDetails.swift */,
			);
			path = Models;
			sourceTree = "<group>";
		};
/* End PBXGroup section */

/* Begin PBXNativeTarget section */
		85237F1C24D5064600B8D480 /* marvel_directory */ = {
			isa = PBXNativeTarget;
			buildConfigurationList = 85237F3124D5064A00B8D480 /* Build configuration list for PBXNativeTarget "marvel_directory" */;
			buildPhases = (
				85237F1924D5064600B8D480 /* Sources */,
				85237F1A24D5064600B8D480 /* Frameworks */,
				85237F1B24D5064600B8D480 /* Resources */,
			);
			buildRules = (
			);
			dependencies = (
			);
			name = marvel_directory;
			productName = marvel_directory;
			productReference = 85237F1D24D5064600B8D480 /* marvel_directory.app */;
			productType = "com.apple.product-type.application";
		};
/* End PBXNativeTarget section */

/* Begin PBXProject section */
		85237F1524D5064600B8D480 /* Project object */ = {
			isa = PBXProject;
			attributes = {
				LastSwiftUpdateCheck = 1160;
				LastUpgradeCheck = 1160;
				ORGANIZATIONNAME = "clydies freeman";
				TargetAttributes = {
					85237F1C24D5064600B8D480 = {
						CreatedOnToolsVersion = 11.6;
					};
				};
			};
			buildConfigurationList = 85237F1824D5064600B8D480 /* Build configuration list for PBXProject "marvel_directory" */;
			compatibilityVersion = "Xcode 9.3";
			developmentRegion = en;
			hasScannedForEncodings = 0;
			knownRegions = (
				en,
				Base,
			);
			mainGroup = 85237F1424D5064600B8D480;
			productRefGroup = 85237F1E24D5064600B8D480 /* Products */;
			projectDirPath = "";
			projectRoot = "";
			targets = (
				85237F1C24D5064600B8D480 /* marvel_directory */,
			);
		};
/* End PBXProject section */

/* Begin PBXResourcesBuildPhase section */
		85237F1B24D5064600B8D480 /* Resources */ = {
			isa = PBXResourcesBuildPhase;
			buildActionMask = 2147483647;
			files = (
				85237F2D24D5064A00B8D480 /* LaunchScreen.storyboard in Resources */,
				85237F2A24D5064A00B8D480 /* Assets.xcassets in Resources */,
				85237F2824D5064600B8D480 /* Main.storyboard in Resources */,
			);
			runOnlyForDeploymentPostprocessing = 0;
		};
/* End PBXResourcesBuildPhase section */

/* Begin PBXSourcesBuildPhase section */
		85237F1924D5064600B8D480 /* Sources */ = {
			isa = PBXSourcesBuildPhase;
			buildActionMask = 2147483647;
			files = (
				85237F3824D7583000B8D480 /* MarvelHeroFetching.swift in Sources */,
				85237F3C24D76FD100B8D480 /* CharactersTableViewController.swift in Sources */,
				85237F2524D5064600B8D480 /* ViewController.swift in Sources */,
				85237F3A24D75DD300B8D480 /* CharacterDetails.swift in Sources */,
				85237F3E24D785EE00B8D480 /* CharacterDetailViewController.swift in Sources */,
				85237F2124D5064600B8D480 /* AppDelegate.swift in Sources */,
				85237F4024D78C9200B8D480 /* ImageSetting.swift in Sources */,
				85237F2324D5064600B8D480 /* SceneDelegate.swift in Sources */,
			);
			runOnlyForDeploymentPostprocessing = 0;
		};
/* End PBXSourcesBuildPhase section */

/* Begin PBXVariantGroup section */
		85237F2624D5064600B8D480 /* Main.storyboard */ = {
			isa = PBXVariantGroup;
			children = (
				85237F2724D5064600B8D480 /* Base */,
			);
			name = Main.storyboard;
			sourceTree = "<group>";
		};
		85237F2B24D5064A00B8D480 /* LaunchScreen.storyboard */ = {
			isa = PBXVariantGroup;
			children = (
				85237F2C24D5064A00B8D480 /* Base */,
			);
			name = LaunchScreen.storyboard;
			sourceTree = "<group>";
		};
/* End PBXVariantGroup section */

/* Begin XCBuildConfiguration section */
		85237F2F24D5064A00B8D480 /* Debug */ = {
			isa = XCBuildConfiguration;
			buildSettings = {
				ALWAYS_SEARCH_USER_PATHS = NO;
				CLANG_ANALYZER_NONNULL = YES;
				CLANG_ANALYZER_NUMBER_OBJECT_CONVERSION = YES_AGGRESSIVE;
				CLANG_CXX_LANGUAGE_STANDARD = "gnu++14";
				CLANG_CXX_LIBRARY = "libc++";
				CLANG_ENABLE_MODULES = YES;
				CLANG_ENABLE_OBJC_ARC = YES;
				CLANG_ENABLE_OBJC_WEAK = YES;
				CLANG_WARN_BLOCK_CAPTURE_AUTORELEASING = YES;
				CLANG_WARN_BOOL_CONVERSION = YES;
				CLANG_WARN_COMMA = YES;
				CLANG_WARN_CONSTANT_CONVERSION = YES;
				CLANG_WARN_DEPRECATED_OBJC_IMPLEMENTATIONS = YES;
				CLANG_WARN_DIRECT_OBJC_ISA_USAGE = YES_ERROR;
				CLANG_WARN_DOCUMENTATION_COMMENTS = YES;
				CLANG_WARN_EMPTY_BODY = YES;
				CLANG_WARN_ENUM_CONVERSION = YES;
				CLANG_WARN_INFINITE_RECURSION = YES;
				CLANG_WARN_INT_CONVERSION = YES;
				CLANG_WARN_NON_LITERAL_NULL_CONVERSION = YES;
				CLANG_WARN_OBJC_IMPLICIT_RETAIN_SELF = YES;
				CLANG_WARN_OBJC_LITERAL_CONVERSION = YES;
				CLANG_WARN_OBJC_ROOT_CLASS = YES_ERROR;
				CLANG_WARN_RANGE_LOOP_ANALYSIS = YES;
				CLANG_WARN_STRICT_PROTOTYPES = YES;
				CLANG_WARN_SUSPICIOUS_MOVE = YES;
				CLANG_WARN_UNGUARDED_AVAILABILITY = YES_AGGRESSIVE;
				CLANG_WARN_UNREACHABLE_CODE = YES;
				CLANG_WARN__DUPLICATE_METHOD_MATCH = YES;
				COPY_PHASE_STRIP = NO;
				DEBUG_INFORMATION_FORMAT = dwarf;
				ENABLE_STRICT_OBJC_MSGSEND = YES;
				ENABLE_TESTABILITY = YES;
				GCC_C_LANGUAGE_STANDARD = gnu11;
				GCC_DYNAMIC_NO_PIC = NO;
				GCC_NO_COMMON_BLOCKS = YES;
				GCC_OPTIMIZATION_LEVEL = 0;
				GCC_PREPROCESSOR_DEFINITIONS = (
					"DEBUG=1",
					"$(inherited)",
				);
				GCC_WARN_64_TO_32_BIT_CONVERSION = YES;
				GCC_WARN_ABOUT_RETURN_TYPE = YES_ERROR;
				GCC_WARN_UNDECLARED_SELECTOR = YES;
				GCC_WARN_UNINITIALIZED_AUTOS = YES_AGGRESSIVE;
				GCC_WARN_UNUSED_FUNCTION = YES;
				GCC_WARN_UNUSED_VARIABLE = YES;
				IPHONEOS_DEPLOYMENT_TARGET = 13.6;
				MTL_ENABLE_DEBUG_INFO = INCLUDE_SOURCE;
				MTL_FAST_MATH = YES;
				ONLY_ACTIVE_ARCH = YES;
				SDKROOT = iphoneos;
				SWIFT_ACTIVE_COMPILATION_CONDITIONS = DEBUG;
				SWIFT_OPTIMIZATION_LEVEL = "-Onone";
			};
			name = Debug;
		};
		85237F3024D5064A00B8D480 /* Release */ = {
			isa = XCBuildConfiguration;
			buildSettings = {
				ALWAYS_SEARCH_USER_PATHS = NO;
				CLANG_ANALYZER_NONNULL = YES;
				CLANG_ANALYZER_NUMBER_OBJECT_CONVERSION = YES_AGGRESSIVE;
				CLANG_CXX_LANGUAGE_STANDARD = "gnu++14";
				CLANG_CXX_LIBRARY = "libc++";
				CLANG_ENABLE_MODULES = YES;
				CLANG_ENABLE_OBJC_ARC = YES;
				CLANG_ENABLE_OBJC_WEAK = YES;
				CLANG_WARN_BLOCK_CAPTURE_AUTORELEASING = YES;
				CLANG_WARN_BOOL_CONVERSION = YES;
				CLANG_WARN_COMMA = YES;
				CLANG_WARN_CONSTANT_CONVERSION = YES;
				CLANG_WARN_DEPRECATED_OBJC_IMPLEMENTATIONS = YES;
				CLANG_WARN_DIRECT_OBJC_ISA_USAGE = YES_ERROR;
				CLANG_WARN_DOCUMENTATION_COMMENTS = YES;
				CLANG_WARN_EMPTY_BODY = YES;
				CLANG_WARN_ENUM_CONVERSION = YES;
				CLANG_WARN_INFINITE_RECURSION = YES;
				CLANG_WARN_INT_CONVERSION = YES;
				CLANG_WARN_NON_LITERAL_NULL_CONVERSION = YES;
				CLANG_WARN_OBJC_IMPLICIT_RETAIN_SELF = YES;
				CLANG_WARN_OBJC_LITERAL_CONVERSION = YES;
				CLANG_WARN_OBJC_ROOT_CLASS = YES_ERROR;
				CLANG_WARN_RANGE_LOOP_ANALYSIS = YES;
				CLANG_WARN_STRICT_PROTOTYPES = YES;
				CLANG_WARN_SUSPICIOUS_MOVE = YES;
				CLANG_WARN_UNGUARDED_AVAILABILITY = YES_AGGRESSIVE;
				CLANG_WARN_UNREACHABLE_CODE = YES;
				CLANG_WARN__DUPLICATE_METHOD_MATCH = YES;
				COPY_PHASE_STRIP = NO;
				DEBUG_INFORMATION_FORMAT = "dwarf-with-dsym";
				ENABLE_NS_ASSERTIONS = NO;
				ENABLE_STRICT_OBJC_MSGSEND = YES;
				GCC_C_LANGUAGE_STANDARD = gnu11;
				GCC_NO_COMMON_BLOCKS = YES;
				GCC_WARN_64_TO_32_BIT_CONVERSION = YES;
				GCC_WARN_ABOUT_RETURN_TYPE = YES_ERROR;
				GCC_WARN_UNDECLARED_SELECTOR = YES;
				GCC_WARN_UNINITIALIZED_AUTOS = YES_AGGRESSIVE;
				GCC_WARN_UNUSED_FUNCTION = YES;
				GCC_WARN_UNUSED_VARIABLE = YES;
				IPHONEOS_DEPLOYMENT_TARGET = 13.6;
				MTL_ENABLE_DEBUG_INFO = NO;
				MTL_FAST_MATH = YES;
				SDKROOT = iphoneos;
				SWIFT_COMPILATION_MODE = wholemodule;
				SWIFT_OPTIMIZATION_LEVEL = "-O";
				VALIDATE_PRODUCT = YES;
			};
			name = Release;
		};
		85237F3224D5064A00B8D480 /* Debug */ = {
			isa = XCBuildConfiguration;
			buildSettings = {
				ASSETCATALOG_COMPILER_APPICON_NAME = AppIcon;
				CODE_SIGN_STYLE = Automatic;
				DEVELOPMENT_TEAM = 4D9Z74XGM7;
				INFOPLIST_FILE = marvel_directory/Info.plist;
				LD_RUNPATH_SEARCH_PATHS = (
					"$(inherited)",
					"@executable_path/Frameworks",
				);
				PRODUCT_BUNDLE_IDENTIFIER = "com.HCHO.marvel-directory";
				PRODUCT_NAME = "$(TARGET_NAME)";
				SWIFT_VERSION = 5.0;
				TARGETED_DEVICE_FAMILY = "1,2";
			};
			name = Debug;
		};
		85237F3324D5064A00B8D480 /* Release */ = {
			isa = XCBuildConfiguration;
			buildSettings = {
				ASSETCATALOG_COMPILER_APPICON_NAME = AppIcon;
				CODE_SIGN_STYLE = Automatic;
				DEVELOPMENT_TEAM = 4D9Z74XGM7;
				INFOPLIST_FILE = marvel_directory/Info.plist;
				LD_RUNPATH_SEARCH_PATHS = (
					"$(inherited)",
					"@executable_path/Frameworks",
				);
				PRODUCT_BUNDLE_IDENTIFIER = "com.HCHO.marvel-directory";
				PRODUCT_NAME = "$(TARGET_NAME)";
				SWIFT_VERSION = 5.0;
				TARGETED_DEVICE_FAMILY = "1,2";
			};
			name = Release;
		};
/* End XCBuildConfiguration section */

/* Begin XCConfigurationList section */
		85237F1824D5064600B8D480 /* Build configuration list for PBXProject "marvel_directory" */ = {
			isa = XCConfigurationList;
			buildConfigurations = (
				85237F2F24D5064A00B8D480 /* Debug */,
				85237F3024D5064A00B8D480 /* Release */,
			);
			defaultConfigurationIsVisible = 0;
			defaultConfigurationName = Release;
		};
		85237F3124D5064A00B8D480 /* Build configuration list for PBXNativeTarget "marvel_directory" */ = {
			isa = XCConfigurationList;
			buildConfigurations = (
				85237F3224D5064A00B8D480 /* Debug */,
				85237F3324D5064A00B8D480 /* Release */,
			);
			defaultConfigurationIsVisible = 0;
			defaultConfigurationName = Release;
		};
/* End XCConfigurationList section */
	};
	rootObject = 85237F1524D5064600B8D480 /* Project object */;
}
